Microsoft Visual Studio Solution File, Format Version 12.00
# Visual Studio 2012
Project("{FAE04EC0-301F-11D3-BF4B-00C04F79EFBC}") = "godot-rl-2022", "godot-rl-2022.csproj", "{44DD2392-C1AC-458C-BAB4-9B3DF4477929}"
EndProject
Global
	GlobalSection(SolutionConfigurationPlatforms) = preSolution
	Debug|Any CPU = Debug|Any CPU
	ExportDebug|Any CPU = ExportDebug|Any CPU
	ExportRelease|Any CPU = ExportRelease|Any CPU
	EndGlobalSection
	GlobalSection(ProjectConfigurationPlatforms) = postSolution
		{44DD2392-C1AC-458C-BAB4-9B3DF4477929}.Debug|Any CPU.ActiveCfg = Debug|Any CPU
		{44DD2392-C1AC-458C-BAB4-9B3DF4477929}.Debug|Any CPU.Build.0 = Debug|Any CPU
		{44DD2392-C1AC-458C-BAB4-9B3DF4477929}.ExportDebug|Any CPU.ActiveCfg = ExportDebug|Any CPU
		{44DD2392-C1AC-458C-BAB4-9B3DF4477929}.ExportDebug|Any CPU.Build.0 = ExportDebug|Any CPU
		{44DD2392-C1AC-458C-BAB4-9B3DF4477929}.ExportRelease|Any CPU.ActiveCfg = ExportRelease|Any CPU
		{44DD2392-C1AC-458C-BAB4-9B3DF4477929}.ExportRelease|Any CPU.Build.0 = ExportRelease|Any CPU
	EndGlobalSection
EndGlobal
